
Microsoft Visual Studio Solution File, Format Version 12.00
# Visual Studio Version 16
VisualStudioVersion = 16.0.31025.194
MinimumVisualStudioVersion = 10.0.40219.1
Project("{2150E333-8FDC-42A3-9474-1A3956D46DE8}") = "DataAccess", "DataAccess", "{60BEF599-3EAA-4A47-8B53-22C3BE78C4AE}"
EndProject
Project("{FAE04EC0-301F-11D3-BF4B-00C04F79EFBC}") = "DataAccess", "DataAccess\DataAccess.csproj", "{4DC8F281-F3FF-4398-99A7-6A2619696444}"
EndProject
Project("{2150E333-8FDC-42A3-9474-1A3956D46DE8}") = "DataContext", "DataContext", "{87B62A36-DE75-4D7D-8B27-67D4006CD092}"
EndProject
Project("{FAE04EC0-301F-11D3-BF4B-00C04F79EFBC}") = "DataContext", "DataContext\DataContext.csproj", "{63A2F4F2-4B43-4CA1-830E-F7A544D5E159}"
EndProject
Project("{2150E333-8FDC-42A3-9474-1A3956D46DE8}") = "Infra.IoC", "Infra.IoC", "{D033351B-9FE5-4335-9EAA-A2E1D97C3D18}"
EndProject
Project("{FAE04EC0-301F-11D3-BF4B-00C04F79EFBC}") = "Infra.IoC", "Infra.IoC\Infra.IoC.csproj", "{58563B43-F092-4EC5-A82C-D187E515124E}"
EndProject
Project("{2150E333-8FDC-42A3-9474-1A3956D46DE8}") = "Models", "Models", "{A3FCE14B-66BE-4CEF-904F-5CC0C39D51D9}"
EndProject
Project("{FAE04EC0-301F-11D3-BF4B-00C04F79EFBC}") = "Models", "Models\Models.csproj", "{2A603477-E311-4714-964C-C3E481888C15}"
EndProject
Project("{2150E333-8FDC-42A3-9474-1A3956D46DE8}") = "Presentation", "Presentation", "{11C231B2-0A9C-4670-8E15-C9B1F6B6AFAF}"
EndProject
Project("{2150E333-8FDC-42A3-9474-1A3956D46DE8}") = "Utilities", "Utilities", "{2439C7E8-CD29-4887-A0E2-40337ED3E5CA}"
EndProject
Project("{FAE04EC0-301F-11D3-BF4B-00C04F79EFBC}") = "Utilities", "Utilities\Utilities.csproj", "{6D29E277-9EF2-4654-9B5B-6E6CAC70583B}"
EndProject
Project("{FAE04EC0-301F-11D3-BF4B-00C04F79EFBC}") = "Presentation", "Presentation\Presentation.csproj", "{6B00648A-352B-4BFD-8C78-84AA53C2FB68}"
EndProject
Global
	GlobalSection(SolutionConfigurationPlatforms) = preSolution
		Debug|Any CPU = Debug|Any CPU
		Release|Any CPU = Release|Any CPU
	EndGlobalSection
	GlobalSection(ProjectConfigurationPlatforms) = postSolution
		{4DC8F281-F3FF-4398-99A7-6A2619696444}.Debug|Any CPU.ActiveCfg = Debug|Any CPU
		{4DC8F281-F3FF-4398-99A7-6A2619696444}.Debug|Any CPU.Build.0 = Debug|Any CPU
		{4DC8F281-F3FF-4398-99A7-6A2619696444}.Release|Any CPU.ActiveCfg = Release|Any CPU
		{4DC8F281-F3FF-4398-99A7-6A2619696444}.Release|Any CPU.Build.0 = Release|Any CPU
		{63A2F4F2-4B43-4CA1-830E-F7A544D5E159}.Debug|Any CPU.ActiveCfg = Debug|Any CPU
		{63A2F4F2-4B43-4CA1-830E-F7A544D5E159}.Debug|Any CPU.Build.0 = Debug|Any CPU
		{63A2F4F2-4B43-4CA1-830E-F7A544D5E159}.Release|Any CPU.ActiveCfg = Release|Any CPU
		{63A2F4F2-4B43-4CA1-830E-F7A544D5E159}.Release|Any CPU.Build.0 = Release|Any CPU
		{58563B43-F092-4EC5-A82C-D187E515124E}.Debug|Any CPU.ActiveCfg = Debug|Any CPU
		{58563B43-F092-4EC5-A82C-D187E515124E}.Debug|Any CPU.Build.0 = Debug|Any CPU
		{58563B43-F092-4EC5-A82C-D187E515124E}.Release|Any CPU.ActiveCfg = Release|Any CPU
		{58563B43-F092-4EC5-A82C-D187E515124E}.Release|Any CPU.Build.0 = Release|Any CPU
		{2A603477-E311-4714-964C-C3E481888C15}.Debug|Any CPU.ActiveCfg = Debug|Any CPU
		{2A603477-E311-4714-964C-C3E481888C15}.Debug|Any CPU.Build.0 = Debug|Any CPU
		{2A603477-E311-4714-964C-C3E481888C15}.Release|Any CPU.ActiveCfg = Release|Any CPU
		{2A603477-E311-4714-964C-C3E481888C15}.Release|Any CPU.Build.0 = Release|Any CPU
		{6D29E277-9EF2-4654-9B5B-6E6CAC70583B}.Debug|Any CPU.ActiveCfg = Debug|Any CPU
		{6D29E277-9EF2-4654-9B5B-6E6CAC70583B}.Debug|Any CPU.Build.0 = Debug|Any CPU
		{6D29E277-9EF2-4654-9B5B-6E6CAC70583B}.Release|Any CPU.ActiveCfg = Release|Any CPU
		{6D29E277-9EF2-4654-9B5B-6E6CAC70583B}.Release|Any CPU.Build.0 = Release|Any CPU
		{6B00648A-352B-4BFD-8C78-84AA53C2FB68}.Debug|Any CPU.ActiveCfg = Debug|Any CPU
		{6B00648A-352B-4BFD-8C78-84AA53C2FB68}.Debug|Any CPU.Build.0 = Debug|Any CPU
		{6B00648A-352B-4BFD-8C78-84AA53C2FB68}.Release|Any CPU.ActiveCfg = Release|Any CPU
		{6B00648A-352B-4BFD-8C78-84AA53C2FB68}.Release|Any CPU.Build.0 = Release|Any CPU
	EndGlobalSection
	GlobalSection(SolutionProperties) = preSolution
		HideSolutionNode = FALSE
	EndGlobalSection
	GlobalSection(NestedProjects) = preSolution
		{4DC8F281-F3FF-4398-99A7-6A2619696444} = {60BEF599-3EAA-4A47-8B53-22C3BE78C4AE}
		{63A2F4F2-4B43-4CA1-830E-F7A544D5E159} = {87B62A36-DE75-4D7D-8B27-67D4006CD092}
		{58563B43-F092-4EC5-A82C-D187E515124E} = {D033351B-9FE5-4335-9EAA-A2E1D97C3D18}
		{2A603477-E311-4714-964C-C3E481888C15} = {A3FCE14B-66BE-4CEF-904F-5CC0C39D51D9}
		{6D29E277-9EF2-4654-9B5B-6E6CAC70583B} = {2439C7E8-CD29-4887-A0E2-40337ED3E5CA}
		{6B00648A-352B-4BFD-8C78-84AA53C2FB68} = {11C231B2-0A9C-4670-8E15-C9B1F6B6AFAF}
	EndGlobalSection
	GlobalSection(ExtensibilityGlobals) = postSolution
		SolutionGuid = {ECD2B124-C5C3-48FB-A912-F56F122E3B13}
	EndGlobalSection
EndGlobal
